
Microsoft Visual Studio Solution File, Format Version 12.00
# Visual Studio Version 16
VisualStudioVersion = 16.0.30011.22
MinimumVisualStudioVersion = 10.0.40219.1
Project("{FAE04EC0-301F-11D3-BF4B-00C04F79EFBC}") = "App_TelaClima.UWP", "App_TelaClima\App_TelaClima.UWP\App_TelaClima.UWP.csproj", "{85A0A290-BCC6-4709-8472-B58BCC3BBF9F}"
EndProject
Project("{FAE04EC0-301F-11D3-BF4B-00C04F79EFBC}") = "App_TelaClima.Android", "App_TelaClima\App_TelaClima.Android\App_TelaClima.Android.csproj", "{72A7F28B-7A18-46C8-AFD7-6960111B995B}"
EndProject
Project("{FAE04EC0-301F-11D3-BF4B-00C04F79EFBC}") = "App_TelaClima.iOS", "App_TelaClima\App_TelaClima.iOS\App_TelaClima.iOS.csproj", "{D8651558-36D7-491A-8E2E-FB9D41EE78E1}"
EndProject
Project("{FAE04EC0-301F-11D3-BF4B-00C04F79EFBC}") = "App_TelaClima", "App_TelaClima\App_TelaClima\App_TelaClima.csproj", "{796DF630-C1E3-4A6D-AF06-D347EC200C31}"
EndProject
Global
	GlobalSection(SolutionConfigurationPlatforms) = preSolution
		Debug|Any CPU = Debug|Any CPU
		Debug|ARM = Debug|ARM
		Debug|iPhone = Debug|iPhone
		Debug|iPhoneSimulator = Debug|iPhoneSimulator
		Debug|x64 = Debug|x64
		Debug|x86 = Debug|x86
		Release|Any CPU = Release|Any CPU
		Release|ARM = Release|ARM
		Release|iPhone = Release|iPhone
		Release|iPhoneSimulator = Release|iPhoneSimulator
		Release|x64 = Release|x64
		Release|x86 = Release|x86
	EndGlobalSection
	GlobalSection(ProjectConfigurationPlatforms) = postSolution
		{85A0A290-BCC6-4709-8472-B58BCC3BBF9F}.Debug|Any CPU.ActiveCfg = Debug|x86
		{85A0A290-BCC6-4709-8472-B58BCC3BBF9F}.Debug|Any CPU.Build.0 = Debug|x86
		{85A0A290-BCC6-4709-8472-B58BCC3BBF9F}.Debug|Any CPU.Deploy.0 = Debug|x86
		{85A0A290-BCC6-4709-8472-B58BCC3BBF9F}.Debug|ARM.ActiveCfg = Debug|ARM
		{85A0A290-BCC6-4709-8472-B58BCC3BBF9F}.Debug|ARM.Build.0 = Debug|ARM
		{85A0A290-BCC6-4709-8472-B58BCC3BBF9F}.Debug|ARM.Deploy.0 = Debug|ARM
		{85A0A290-BCC6-4709-8472-B58BCC3BBF9F}.Debug|iPhone.ActiveCfg = Debug|x86
		{85A0A290-BCC6-4709-8472-B58BCC3BBF9F}.Debug|iPhone.Build.0 = Debug|x86
		{85A0A290-BCC6-4709-8472-B58BCC3BBF9F}.Debug|iPhone.Deploy.0 = Debug|x86
		{85A0A290-BCC6-4709-8472-B58BCC3BBF9F}.Debug|iPhoneSimulator.ActiveCfg = Debug|x86
		{85A0A290-BCC6-4709-8472-B58BCC3BBF9F}.Debug|iPhoneSimulator.Build.0 = Debug|x86
		{85A0A290-BCC6-4709-8472-B58BCC3BBF9F}.Debug|iPhoneSimulator.Deploy.0 = Debug|x86
		{85A0A290-BCC6-4709-8472-B58BCC3BBF9F}.Debug|x64.ActiveCfg = Debug|x64
		{85A0A290-BCC6-4709-8472-B58BCC3BBF9F}.Debug|x64.Build.0 = Debug|x64
		{85A0A290-BCC6-4709-8472-B58BCC3BBF9F}.Debug|x64.Deploy.0 = Debug|x64
		{85A0A290-BCC6-4709-8472-B58BCC3BBF9F}.Debug|x86.ActiveCfg = Debug|x86
		{85A0A290-BCC6-4709-8472-B58BCC3BBF9F}.Debug|x86.Build.0 = Debug|x86
		{85A0A290-BCC6-4709-8472-B58BCC3BBF9F}.Debug|x86.Deploy.0 = Debug|x86
		{85A0A290-BCC6-4709-8472-B58BCC3BBF9F}.Release|Any CPU.ActiveCfg = Release|x86
		{85A0A290-BCC6-4709-8472-B58BCC3BBF9F}.Release|Any CPU.Build.0 = Release|x86
		{85A0A290-BCC6-4709-8472-B58BCC3BBF9F}.Release|Any CPU.Deploy.0 = Release|x86
		{85A0A290-BCC6-4709-8472-B58BCC3BBF9F}.Release|ARM.ActiveCfg = Release|ARM
		{85A0A290-BCC6-4709-8472-B58BCC3BBF9F}.Release|ARM.Build.0 = Release|ARM
		{85A0A290-BCC6-4709-8472-B58BCC3BBF9F}.Release|ARM.Deploy.0 = Release|ARM
		{85A0A290-BCC6-4709-8472-B58BCC3BBF9F}.Release|iPhone.ActiveCfg = Release|x86
		{85A0A290-BCC6-4709-8472-B58BCC3BBF9F}.Release|iPhone.Build.0 = Release|x86
		{85A0A290-BCC6-4709-8472-B58BCC3BBF9F}.Release|iPhone.Deploy.0 = Release|x86
		{85A0A290-BCC6-4709-8472-B58BCC3BBF9F}.Release|iPhoneSimulator.ActiveCfg = Release|x86
		{85A0A290-BCC6-4709-8472-B58BCC3BBF9F}.Release|iPhoneSimulator.Build.0 = Release|x86
		{85A0A290-BCC6-4709-8472-B58BCC3BBF9F}.Release|iPhoneSimulator.Deploy.0 = Release|x86
		{85A0A290-BCC6-4709-8472-B58BCC3BBF9F}.Release|x64.ActiveCfg = Release|x64
		{85A0A290-BCC6-4709-8472-B58BCC3BBF9F}.Release|x64.Build.0 = Release|x64
		{85A0A290-BCC6-4709-8472-B58BCC3BBF9F}.Release|x64.Deploy.0 = Release|x64
		{85A0A290-BCC6-4709-8472-B58BCC3BBF9F}.Release|x86.ActiveCfg = Release|x86
		{85A0A290-BCC6-4709-8472-B58BCC3BBF9F}.Release|x86.Build.0 = Release|x86
		{85A0A290-BCC6-4709-8472-B58BCC3BBF9F}.Release|x86.Deploy.0 = Release|x86
		{72A7F28B-7A18-46C8-AFD7-6960111B995B}.Debug|Any CPU.ActiveCfg = Debug|Any CPU
		{72A7F28B-7A18-46C8-AFD7-6960111B995B}.Debug|Any CPU.Build.0 = Debug|Any CPU
		{72A7F28B-7A18-46C8-AFD7-6960111B995B}.Debug|Any CPU.Deploy.0 = Debug|Any CPU
		{72A7F28B-7A18-46C8-AFD7-6960111B995B}.Debug|ARM.ActiveCfg = Debug|Any CPU
		{72A7F28B-7A18-46C8-AFD7-6960111B995B}.Debug|ARM.Build.0 = Debug|Any CPU
		{72A7F28B-7A18-46C8-AFD7-6960111B995B}.Debug|ARM.Deploy.0 = Debug|Any CPU
		{72A7F28B-7A18-46C8-AFD7-6960111B995B}.Debug|iPhone.ActiveCfg = Debug|Any CPU
		{72A7F28B-7A18-46C8-AFD7-6960111B995B}.Debug|iPhone.Build.0 = Debug|Any CPU
		{72A7F28B-7A18-46C8-AFD7-6960111B995B}.Debug|iPhone.Deploy.0 = Debug|Any CPU
		{72A7F28B-7A18-46C8-AFD7-6960111B995B}.Debug|iPhoneSimulator.ActiveCfg = Debug|Any CPU
		{72A7F28B-7A18-46C8-AFD7-6960111B995B}.Debug|iPhoneSimulator.Build.0 = Debug|Any CPU
		{72A7F28B-7A18-46C8-AFD7-6960111B995B}.Debug|iPhoneSimulator.Deploy.0 = Debug|Any CPU
		{72A7F28B-7A18-46C8-AFD7-6960111B995B}.Debug|x64.ActiveCfg = Debug|Any CPU
		{72A7F28B-7A18-46C8-AFD7-6960111B995B}.Debug|x64.Build.0 = Debug|Any CPU
		{72A7F28B-7A18-46C8-AFD7-6960111B995B}.Debug|x64.Deploy.0 = Debug|Any CPU
		{72A7F28B-7A18-46C8-AFD7-6960111B995B}.Debug|x86.ActiveCfg = Debug|Any CPU
		{72A7F28B-7A18-46C8-AFD7-6960111B995B}.Debug|x86.Build.0 = Debug|Any CPU
		{72A7F28B-7A18-46C8-AFD7-6960111B995B}.Debug|x86.Deploy.0 = Debug|Any CPU
		{72A7F28B-7A18-46C8-AFD7-6960111B995B}.Release|Any CPU.ActiveCfg = Release|Any CPU
		{72A7F28B-7A18-46C8-AFD7-6960111B995B}.Release|Any CPU.Build.0 = Release|Any CPU
		{72A7F28B-7A18-46C8-AFD7-6960111B995B}.Release|Any CPU.Deploy.0 = Release|Any CPU
		{72A7F28B-7A18-46C8-AFD7-6960111B995B}.Release|ARM.ActiveCfg = Release|Any CPU
		{72A7F28B-7A18-46C8-AFD7-6960111B995B}.Release|ARM.Build.0 = Release|Any CPU
		{72A7F28B-7A18-46C8-AFD7-6960111B995B}.Release|ARM.Deploy.0 = Release|Any CPU
		{72A7F28B-7A18-46C8-AFD7-6960111B995B}.Release|iPhone.ActiveCfg = Release|Any CPU
		{72A7F28B-7A18-46C8-AFD7-6960111B995B}.Release|iPhone.Build.0 = Release|Any CPU
		{72A7F28B-7A18-46C8-AFD7-6960111B995B}.Release|iPhone.Deploy.0 = Release|Any CPU
		{72A7F28B-7A18-46C8-AFD7-6960111B995B}.Release|iPhoneSimulator.ActiveCfg = Release|Any CPU
		{72A7F28B-7A18-46C8-AFD7-6960111B995B}.Release|iPhoneSimulator.Build.0 = Release|Any CPU
		{72A7F28B-7A18-46C8-AFD7-6960111B995B}.Release|iPhoneSimulator.Deploy.0 = Release|Any CPU
		{72A7F28B-7A18-46C8-AFD7-6960111B995B}.Release|x64.ActiveCfg = Release|Any CPU
		{72A7F28B-7A18-46C8-AFD7-6960111B995B}.Release|x64.Build.0 = Release|Any CPU
		{72A7F28B-7A18-46C8-AFD7-6960111B995B}.Release|x64.Deploy.0 = Release|Any CPU
		{72A7F28B-7A18-46C8-AFD7-6960111B995B}.Release|x86.ActiveCfg = Release|Any CPU
		{72A7F28B-7A18-46C8-AFD7-6960111B995B}.Release|x86.Build.0 = Release|Any CPU
		{72A7F28B-7A18-46C8-AFD7-6960111B995B}.Release|x86.Deploy.0 = Release|Any CPU
		{D8651558-36D7-491A-8E2E-FB9D41EE78E1}.Debug|Any CPU.ActiveCfg = Debug|iPhone
		{D8651558-36D7-491A-8E2E-FB9D41EE78E1}.Debug|Any CPU.Build.0 = Debug|iPhone
		{D8651558-36D7-491A-8E2E-FB9D41EE78E1}.Debug|Any CPU.Deploy.0 = Debug|iPhone
		{D8651558-36D7-491A-8E2E-FB9D41EE78E1}.Debug|ARM.ActiveCfg = Debug|iPhone
		{D8651558-36D7-491A-8E2E-FB9D41EE78E1}.Debug|ARM.Build.0 = Debug|iPhone
		{D8651558-36D7-491A-8E2E-FB9D41EE78E1}.Debug|ARM.Deploy.0 = Debug|iPhone
		{D8651558-36D7-491A-8E2E-FB9D41EE78E1}.Debug|iPhone.ActiveCfg = Debug|iPhone
		{D8651558-36D7-491A-8E2E-FB9D41EE78E1}.Debug|iPhone.Build.0 = Debug|iPhone
		{D8651558-36D7-491A-8E2E-FB9D41EE78E1}.Debug|iPhone.Deploy.0 = Debug|iPhone
		{D8651558-36D7-491A-8E2E-FB9D41EE78E1}.Debug|iPhoneSimulator.ActiveCfg = Debug|iPhoneSimulator
		{D8651558-36D7-491A-8E2E-FB9D41EE78E1}.Debug|iPhoneSimulator.Build.0 = Debug|iPhoneSimulator
		{D8651558-36D7-491A-8E2E-FB9D41EE78E1}.Debug|iPhoneSimulator.Deploy.0 = Debug|iPhoneSimulator
		{D8651558-36D7-491A-8E2E-FB9D41EE78E1}.Debug|x64.ActiveCfg = Debug|iPhone
		{D8651558-36D7-491A-8E2E-FB9D41EE78E1}.Debug|x64.Build.0 = Debug|iPhone
		{D8651558-36D7-491A-8E2E-FB9D41EE78E1}.Debug|x64.Deploy.0 = Debug|iPhone
		{D8651558-36D7-491A-8E2E-FB9D41EE78E1}.Debug|x86.ActiveCfg = Debug|iPhone
		{D8651558-36D7-491A-8E2E-FB9D41EE78E1}.Debug|x86.Build.0 = Debug|iPhone
		{D8651558-36D7-491A-8E2E-FB9D41EE78E1}.Debug|x86.Deploy.0 = Debug|iPhone
		{D8651558-36D7-491A-8E2E-FB9D41EE78E1}.Release|Any CPU.ActiveCfg = Release|iPhone
		{D8651558-36D7-491A-8E2E-FB9D41EE78E1}.Release|Any CPU.Build.0 = Release|iPhone
		{D8651558-36D7-491A-8E2E-FB9D41EE78E1}.Release|Any CPU.Deploy.0 = Release|iPhone
		{D8651558-36D7-491A-8E2E-FB9D41EE78E1}.Release|ARM.ActiveCfg = Release|iPhone
		{D8651558-36D7-491A-8E2E-FB9D41EE78E1}.Release|ARM.Build.0 = Release|iPhone
		{D8651558-36D7-491A-8E2E-FB9D41EE78E1}.Release|ARM.Deploy.0 = Release|iPhone
		{D8651558-36D7-491A-8E2E-FB9D41EE78E1}.Release|iPhone.ActiveCfg = Release|iPhone
		{D8651558-36D7-491A-8E2E-FB9D41EE78E1}.Release|iPhone.Build.0 = Release|iPhone
		{D8651558-36D7-491A-8E2E-FB9D41EE78E1}.Release|iPhone.Deploy.0 = Release|iPhone
		{D8651558-36D7-491A-8E2E-FB9D41EE78E1}.Release|iPhoneSimulator.ActiveCfg = Release|iPhoneSimulator
		{D8651558-36D7-491A-8E2E-FB9D41EE78E1}.Release|iPhoneSimulator.Build.0 = Release|iPhoneSimulator
		{D8651558-36D7-491A-8E2E-FB9D41EE78E1}.Release|iPhoneSimulator.Deploy.0 = Release|iPhoneSimulator
		{D8651558-36D7-491A-8E2E-FB9D41EE78E1}.Release|x64.ActiveCfg = Release|iPhone
		{D8651558-36D7-491A-8E2E-FB9D41EE78E1}.Release|x64.Build.0 = Release|iPhone
		{D8651558-36D7-491A-8E2E-FB9D41EE78E1}.Release|x64.Deploy.0 = Release|iPhone
		{D8651558-36D7-491A-8E2E-FB9D41EE78E1}.Release|x86.ActiveCfg = Release|iPhone
		{D8651558-36D7-491A-8E2E-FB9D41EE78E1}.Release|x86.Build.0 = Release|iPhone
		{D8651558-36D7-491A-8E2E-FB9D41EE78E1}.Release|x86.Deploy.0 = Release|iPhone
		{796DF630-C1E3-4A6D-AF06-D347EC200C31}.Debug|Any CPU.ActiveCfg = Debug|Any CPU
		{796DF630-C1E3-4A6D-AF06-D347EC200C31}.Debug|Any CPU.Build.0 = Debug|Any CPU
		{796DF630-C1E3-4A6D-AF06-D347EC200C31}.Debug|Any CPU.Deploy.0 = Debug|Any CPU
		{796DF630-C1E3-4A6D-AF06-D347EC200C31}.Debug|ARM.ActiveCfg = Debug|Any CPU
		{796DF630-C1E3-4A6D-AF06-D347EC200C31}.Debug|ARM.Build.0 = Debug|Any CPU
		{796DF630-C1E3-4A6D-AF06-D347EC200C31}.Debug|ARM.Deploy.0 = Debug|Any CPU
		{796DF630-C1E3-4A6D-AF06-D347EC200C31}.Debug|iPhone.ActiveCfg = Debug|Any CPU
		{796DF630-C1E3-4A6D-AF06-D347EC200C31}.Debug|iPhone.Build.0 = Debug|Any CPU
		{796DF630-C1E3-4A6D-AF06-D347EC200C31}.Debug|iPhone.Deploy.0 = Debug|Any CPU
		{796DF630-C1E3-4A6D-AF06-D347EC200C31}.Debug|iPhoneSimulator.ActiveCfg = Debug|Any CPU
		{796DF630-C1E3-4A6D-AF06-D347EC200C31}.Debug|iPhoneSimulator.Build.0 = Debug|Any CPU
		{796DF630-C1E3-4A6D-AF06-D347EC200C31}.Debug|iPhoneSimulator.Deploy.0 = Debug|Any CPU
		{796DF630-C1E3-4A6D-AF06-D347EC200C31}.Debug|x64.ActiveCfg = Debug|Any CPU
		{796DF630-C1E3-4A6D-AF06-D347EC200C31}.Debug|x64.Build.0 = Debug|Any CPU
		{796DF630-C1E3-4A6D-AF06-D347EC200C31}.Debug|x64.Deploy.0 = Debug|Any CPU
		{796DF630-C1E3-4A6D-AF06-D347EC200C31}.Debug|x86.ActiveCfg = Debug|Any CPU
		{796DF630-C1E3-4A6D-AF06-D347EC200C31}.Debug|x86.Build.0 = Debug|Any CPU
		{796DF630-C1E3-4A6D-AF06-D347EC200C31}.Debug|x86.Deploy.0 = Debug|Any CPU
		{796DF630-C1E3-4A6D-AF06-D347EC200C31}.Release|Any CPU.ActiveCfg = Release|Any CPU
		{796DF630-C1E3-4A6D-AF06-D347EC200C31}.Release|Any CPU.Build.0 = Release|Any CPU
		{796DF630-C1E3-4A6D-AF06-D347EC200C31}.Release|Any CPU.Deploy.0 = Release|Any CPU
		{796DF630-C1E3-4A6D-AF06-D347EC200C31}.Release|ARM.ActiveCfg = Release|Any CPU
		{796DF630-C1E3-4A6D-AF06-D347EC200C31}.Release|ARM.Build.0 = Release|Any CPU
		{796DF630-C1E3-4A6D-AF06-D347EC200C31}.Release|ARM.Deploy.0 = Release|Any CPU
		{796DF630-C1E3-4A6D-AF06-D347EC200C31}.Release|iPhone.ActiveCfg = Release|Any CPU
		{796DF630-C1E3-4A6D-AF06-D347EC200C31}.Release|iPhone.Build.0 = Release|Any CPU
		{796DF630-C1E3-4A6D-AF06-D347EC200C31}.Release|iPhone.Deploy.0 = Release|Any CPU
		{796DF630-C1E3-4A6D-AF06-D347EC200C31}.Release|iPhoneSimulator.ActiveCfg = Release|Any CPU
		{796DF630-C1E3-4A6D-AF06-D347EC200C31}.Release|iPhoneSimulator.Build.0 = Release|Any CPU
		{796DF630-C1E3-4A6D-AF06-D347EC200C31}.Release|iPhoneSimulator.Deploy.0 = Release|Any CPU
		{796DF630-C1E3-4A6D-AF06-D347EC200C31}.Release|x64.ActiveCfg = Release|Any CPU
		{796DF630-C1E3-4A6D-AF06-D347EC200C31}.Release|x64.Build.0 = Release|Any CPU
		{796DF630-C1E3-4A6D-AF06-D347EC200C31}.Release|x64.Deploy.0 = Release|Any CPU
		{796DF630-C1E3-4A6D-AF06-D347EC200C31}.Release|x86.ActiveCfg = Release|Any CPU
		{796DF630-C1E3-4A6D-AF06-D347EC200C31}.Release|x86.Build.0 = Release|Any CPU
		{796DF630-C1E3-4A6D-AF06-D347EC200C31}.Release|x86.Deploy.0 = Release|Any CPU
	EndGlobalSection
	GlobalSection(SolutionProperties) = preSolution
		HideSolutionNode = FALSE
	EndGlobalSection
	GlobalSection(ExtensibilityGlobals) = postSolution
		SolutionGuid = {38983539-43F5-4CBB-BB77-3C7910053FB7}
	EndGlobalSection
EndGlobal
